
Microsoft Visual Studio Solution File, Format Version 12.00
# Visual Studio Version 17
VisualStudioVersion = 17.9.34723.18
MinimumVisualStudioVersion = 10.0.40219.1
Project("{FAE04EC0-301F-11D3-BF4B-00C04F79EFBC}") = "EhImageZipViewer", "EhImageZipViewer\EhImageZipViewer.csproj", "{20F9EB51-A4FE-447F-878A-15C67E73A787}"
EndProject
Project("{FAE04EC0-301F-11D3-BF4B-00C04F79EFBC}") = "Jing8956.Maui.SvgImageSource", "Jing8956.Maui.SvgImageSource\Jing8956.Maui.SvgImageSource.csproj", "{DED7A0AC-BB4C-4BC2-A7B8-FE08665E02A3}"
EndProject
Global
	GlobalSection(SolutionConfigurationPlatforms) = preSolution
		Debug|Any CPU = Debug|Any CPU
		Release|Any CPU = Release|Any CPU
	EndGlobalSection
	GlobalSection(ProjectConfigurationPlatforms) = postSolution
		{20F9EB51-A4FE-447F-878A-15C67E73A787}.Debug|Any CPU.ActiveCfg = Debug|Any CPU
		{20F9EB51-A4FE-447F-878A-15C67E73A787}.Debug|Any CPU.Build.0 = Debug|Any CPU
		{20F9EB51-A4FE-447F-878A-15C67E73A787}.Debug|Any CPU.Deploy.0 = Debug|Any CPU
		{20F9EB51-A4FE-447F-878A-15C67E73A787}.Release|Any CPU.ActiveCfg = Release|Any CPU
		{20F9EB51-A4FE-447F-878A-15C67E73A787}.Release|Any CPU.Build.0 = Release|Any CPU
		{DED7A0AC-BB4C-4BC2-A7B8-FE08665E02A3}.Debug|Any CPU.ActiveCfg = Debug|Any CPU
		{DED7A0AC-BB4C-4BC2-A7B8-FE08665E02A3}.Debug|Any CPU.Build.0 = Debug|Any CPU
		{DED7A0AC-BB4C-4BC2-A7B8-FE08665E02A3}.Release|Any CPU.ActiveCfg = Release|Any CPU
		{DED7A0AC-BB4C-4BC2-A7B8-FE08665E02A3}.Release|Any CPU.Build.0 = Release|Any CPU
	EndGlobalSection
	GlobalSection(SolutionProperties) = preSolution
		HideSolutionNode = FALSE
	EndGlobalSection
	GlobalSection(ExtensibilityGlobals) = postSolution
		SolutionGuid = {56CAC9A0-3E50-4F5F-A4C8-81C33AFDBC05}
	EndGlobalSection
EndGlobal
